{
  "name": "@akashic/akashic-cli-serve",
  "version": "1.4.0",
  "lockfileVersion": 1,
  "requires": true,
  "dependencies": {
    "mock-fs": {
      "version": "4.13.0",
      "resolved": "https://registry.npmjs.org/mock-fs/-/mock-fs-4.13.0.tgz",
      "integrity": "sha512-DD0vOdofJdoaRNtnWcrXe6RQbpHkPPmtqGq14uRX0F8ZKJ5nv89CVTYl/BZdppDxBDaV0hl75htg3abpEWlPZA==",
      "dev": true
    }
  }
}
